// !$*UTF8*$!
{
	archiveVersion = 1;
	classes = {
	};
	objectVersion = 55;
	objects = {

/* Begin PBXBuildFile section */
		170DA4A7C069E981941202D9 /* Pods_FlexiPassApp.framework in Frameworks */ = {isa = PBXBuildFile; fileRef = 694CBE4E0525CE1158725A62 /* Pods_FlexiPassApp.framework */; };
		971AC3B9EDD4CAD838CE7920 /* Pods_FlexiPassApp_SIT.framework in Frameworks */ = {isa = PBXBuildFile; fileRef = 08096BFB4712A95F06FF4E75 /* Pods_FlexiPassApp_SIT.framework */; };
		AF093A3A2811134E001C5925 /* AppDelegate.swift in Sources */ = {isa = PBXBuildFile; fileRef = AF093A392811134E001C5925 /* AppDelegate.swift */; };
		AF093A3C2811134E001C5925 /* SceneDelegate.swift in Sources */ = {isa = PBXBuildFile; fileRef = AF093A3B2811134E001C5925 /* SceneDelegate.swift */; };
		AF093A3E2811134E001C5925 /* ViewController.swift in Sources */ = {isa = PBXBuildFile; fileRef = AF093A3D2811134E001C5925 /* ViewController.swift */; };
		AF093A412811134E001C5925 /* Main.storyboard in Resources */ = {isa = PBXBuildFile; fileRef = AF093A3F2811134E001C5925 /* Main.storyboard */; };
		AF093A432811134F001C5925 /* Assets.xcassets in Resources */ = {isa = PBXBuildFile; fileRef = AF093A422811134F001C5925 /* Assets.xcassets */; };
		AF093A462811134F001C5925 /* LaunchScreen.storyboard in Resources */ = {isa = PBXBuildFile; fileRef = AF093A442811134F001C5925 /* LaunchScreen.storyboard */; };
		AF093A4F28111862001C5925 /* FlexipassSDK.framework in Frameworks */ = {isa = PBXBuildFile; fileRef = AF093A4D281117BC001C5925 /* FlexipassSDK.framework */; };
		AF093A5028111862001C5925 /* FlexipassSDK.framework in Embed Frameworks */ = {isa = PBXBuildFile; fileRef = AF093A4D281117BC001C5925 /* FlexipassSDK.framework */; settings = {ATTRIBUTES = (CodeSignOnCopy, RemoveHeadersOnCopy, ); }; };
		AF14101228116D0E009DEEB0 /* ViewController.swift in Sources */ = {isa = PBXBuildFile; fileRef = AF093A3D2811134E001C5925 /* ViewController.swift */; };
		AF14101328116D0E009DEEB0 /* AppDelegate.swift in Sources */ = {isa = PBXBuildFile; fileRef = AF093A392811134E001C5925 /* AppDelegate.swift */; };
		AF14101428116D0E009DEEB0 /* SceneDelegate.swift in Sources */ = {isa = PBXBuildFile; fileRef = AF093A3B2811134E001C5925 /* SceneDelegate.swift */; };
		AF14101728116D0E009DEEB0 /* FlexipassSDK.framework in Frameworks */ = {isa = PBXBuildFile; fileRef = AF093A4D281117BC001C5925 /* FlexipassSDK.framework */; };
		AF14101928116D0E009DEEB0 /* LaunchScreen.storyboard in Resources */ = {isa = PBXBuildFile; fileRef = AF093A442811134F001C5925 /* LaunchScreen.storyboard */; };
		AF14101A28116D0E009DEEB0 /* Assets.xcassets in Resources */ = {isa = PBXBuildFile; fileRef = AF093A422811134F001C5925 /* Assets.xcassets */; };
		AF14101B28116D0E009DEEB0 /* Main.storyboard in Resources */ = {isa = PBXBuildFile; fileRef = AF093A3F2811134E001C5925 /* Main.storyboard */; };
		AF14101E28116D0E009DEEB0 /* FlexipassSDK.framework in Embed Frameworks */ = {isa = PBXBuildFile; fileRef = AF093A4D281117BC001C5925 /* FlexipassSDK.framework */; settings = {ATTRIBUTES = (CodeSignOnCopy, RemoveHeadersOnCopy, ); }; };
		B89006501B173A31A044DCC5 /* BuildFile in Frameworks */ = {isa = PBXBuildFile; };
/* End PBXBuildFile section */

/* Begin PBXCopyFilesBuildPhase section */
		AF093A5128111862001C5925 /* Embed Frameworks */ = {
			isa = PBXCopyFilesBuildPhase;
			buildActionMask = 2147483647;
			dstPath = "";
			dstSubfolderSpec = 10;
			files = (
				AF093A5028111862001C5925 /* FlexipassSDK.framework in Embed Frameworks */,
			);
			name = "Embed Frameworks";
			runOnlyForDeploymentPostprocessing = 0;
		};
		AF14101D28116D0E009DEEB0 /* Embed Frameworks */ = {
			isa = PBXCopyFilesBuildPhase;
			buildActionMask = 2147483647;
			dstPath = "";
			dstSubfolderSpec = 10;
			files = (
				AF14101E28116D0E009DEEB0 /* FlexipassSDK.framework in Embed Frameworks */,
			);
			name = "Embed Frameworks";
			runOnlyForDeploymentPostprocessing = 0;
		};
/* End PBXCopyFilesBuildPhase section */

/* Begin PBXFileReference section */
		08096BFB4712A95F06FF4E75 /* Pods_FlexiPassApp_SIT.framework */ = {isa = PBXFileReference; explicitFileType = wrapper.framework; includeInIndex = 0; path = Pods_FlexiPassApp_SIT.framework; sourceTree = BUILT_PRODUCTS_DIR; };
		0AD682DD35068018C6FE33C4 /* Pods-FlexiPassApp.debug.xcconfig */ = {isa = PBXFileReference; includeInIndex = 1; lastKnownFileType = text.xcconfig; name = "Pods-FlexiPassApp.debug.xcconfig"; path = "Target Support Files/Pods-FlexiPassApp/Pods-FlexiPassApp.debug.xcconfig"; sourceTree = "<group>"; };
		133F9191D5678203F1FF88BE /* Pods-FlexiPassApp-SIT.release.xcconfig */ = {isa = PBXFileReference; includeInIndex = 1; lastKnownFileType = text.xcconfig; name = "Pods-FlexiPassApp-SIT.release.xcconfig"; path = "Target Support Files/Pods-FlexiPassApp-SIT/Pods-FlexiPassApp-SIT.release.xcconfig"; sourceTree = "<group>"; };
		5A0DD8865592BF4E8EBCDF6A /* Pods-FlexiPassApp-SIT.debug.xcconfig */ = {isa = PBXFileReference; includeInIndex = 1; lastKnownFileType = text.xcconfig; name = "Pods-FlexiPassApp-SIT.debug.xcconfig"; path = "Target Support Files/Pods-FlexiPassApp-SIT/Pods-FlexiPassApp-SIT.debug.xcconfig"; sourceTree = "<group>"; };
		694CBE4E0525CE1158725A62 /* Pods_FlexiPassApp.framework */ = {isa = PBXFileReference; explicitFileType = wrapper.framework; includeInIndex = 0; path = Pods_FlexiPassApp.framework; sourceTree = BUILT_PRODUCTS_DIR; };
		7D27ECE97A30EB14AAF9AB21 /* Pods-FlexiPassApp.release.xcconfig */ = {isa = PBXFileReference; includeInIndex = 1; lastKnownFileType = text.xcconfig; name = "Pods-FlexiPassApp.release.xcconfig"; path = "Target Support Files/Pods-FlexiPassApp/Pods-FlexiPassApp.release.xcconfig"; sourceTree = "<group>"; };
		AF093A362811134E001C5925 /* FlexiPassApp.app */ = {isa = PBXFileReference; explicitFileType = wrapper.application; includeInIndex = 0; path = FlexiPassApp.app; sourceTree = BUILT_PRODUCTS_DIR; };
		AF093A392811134E001C5925 /* AppDelegate.swift */ = {isa = PBXFileReference; lastKnownFileType = sourcecode.swift; path = AppDelegate.swift; sourceTree = "<group>"; };
		AF093A3B2811134E001C5925 /* SceneDelegate.swift */ = {isa = PBXFileReference; lastKnownFileType = sourcecode.swift; path = SceneDelegate.swift; sourceTree = "<group>"; };
		AF093A3D2811134E001C5925 /* ViewController.swift */ = {isa = PBXFileReference; lastKnownFileType = sourcecode.swift; path = ViewController.swift; sourceTree = "<group>"; };
		AF093A402811134E001C5925 /* Base */ = {isa = PBXFileReference; lastKnownFileType = file.storyboard; name = Base; path = Base.lproj/Main.storyboard; sourceTree = "<group>"; };
		AF093A422811134F001C5925 /* Assets.xcassets */ = {isa = PBXFileReference; lastKnownFileType = folder.assetcatalog; path = Assets.xcassets; sourceTree = "<group>"; };
		AF093A452811134F001C5925 /* Base */ = {isa = PBXFileReference; lastKnownFileType = file.storyboard; name = Base; path = Base.lproj/LaunchScreen.storyboard; sourceTree = "<group>"; };
		AF093A472811134F001C5925 /* Info.plist */ = {isa = PBXFileReference; lastKnownFileType = text.plist.xml; path = Info.plist; sourceTree = "<group>"; };
		AF093A4D281117BC001C5925 /* FlexipassSDK.framework */ = {isa = PBXFileReference; lastKnownFileType = wrapper.framework; path = FlexipassSDK.framework; sourceTree = "<group>"; };
		AF14102228116D0E009DEEB0 /* FlexiPassApp-SIT.app */ = {isa = PBXFileReference; explicitFileType = wrapper.application; includeInIndex = 0; path = "FlexiPassApp-SIT.app"; sourceTree = BUILT_PRODUCTS_DIR; };
		AF14102328116D0F009DEEB0 /* FlexiPassApp copy-Info.plist */ = {isa = PBXFileReference; lastKnownFileType = text.plist.xml; name = "FlexiPassApp copy-Info.plist"; path = "/Users/sheilarcodigo/Documents/Workspace/Projects/FlexiPassApp/FlexiPassApp copy-Info.plist"; sourceTree = "<absolute>"; };
/* End PBXFileReference section */

/* Begin PBXFrameworksBuildPhase section */
		AF093A332811134E001C5925 /* Frameworks */ = {
			isa = PBXFrameworksBuildPhase;
			buildActionMask = 2147483647;
			files = (
				B89006501B173A31A044DCC5 /* BuildFile in Frameworks */,
				AF093A4F28111862001C5925 /* FlexipassSDK.framework in Frameworks */,
				170DA4A7C069E981941202D9 /* Pods_FlexiPassApp.framework in Frameworks */,
			);
			runOnlyForDeploymentPostprocessing = 0;
		};
		AF14101528116D0E009DEEB0 /* Frameworks */ = {
			isa = PBXFrameworksBuildPhase;
			buildActionMask = 2147483647;
			files = (
				AF14101728116D0E009DEEB0 /* FlexipassSDK.framework in Frameworks */,
				971AC3B9EDD4CAD838CE7920 /* Pods_FlexiPassApp_SIT.framework in Frameworks */,
			);
			runOnlyForDeploymentPostprocessing = 0;
		};
/* End PBXFrameworksBuildPhase section */

/* Begin PBXGroup section */
		48149575C0105DBC1084E713 /* Pods */ = {
			isa = PBXGroup;
			children = (
				0AD682DD35068018C6FE33C4 /* Pods-FlexiPassApp.debug.xcconfig */,
				7D27ECE97A30EB14AAF9AB21 /* Pods-FlexiPassApp.release.xcconfig */,
				5A0DD8865592BF4E8EBCDF6A /* Pods-FlexiPassApp-SIT.debug.xcconfig */,
				133F9191D5678203F1FF88BE /* Pods-FlexiPassApp-SIT.release.xcconfig */,
			);
			path = Pods;
			sourceTree = "<group>";
		};
		AF093A2D2811134E001C5925 = {
			isa = PBXGroup;
			children = (
				AF093A4D281117BC001C5925 /* FlexipassSDK.framework */,
				AF093A382811134E001C5925 /* FlexiPassApp */,
				AF093A372811134E001C5925 /* Products */,
				48149575C0105DBC1084E713 /* Pods */,
				BB8C6FDE4A3FAE4BF18FA089 /* Frameworks */,
				AF14102328116D0F009DEEB0 /* FlexiPassApp copy-Info.plist */,
			);
			sourceTree = "<group>";
		};
		AF093A372811134E001C5925 /* Products */ = {
			isa = PBXGroup;
			children = (
				AF093A362811134E001C5925 /* FlexiPassApp.app */,
				AF14102228116D0E009DEEB0 /* FlexiPassApp-SIT.app */,
			);
			name = Products;
			sourceTree = "<group>";
		};
		AF093A382811134E001C5925 /* FlexiPassApp */ = {
			isa = PBXGroup;
			children = (
				AF093A392811134E001C5925 /* AppDelegate.swift */,
				AF093A3B2811134E001C5925 /* SceneDelegate.swift */,
				AF093A3D2811134E001C5925 /* ViewController.swift */,
				AF093A3F2811134E001C5925 /* Main.storyboard */,
				AF093A422811134F001C5925 /* Assets.xcassets */,
				AF093A442811134F001C5925 /* LaunchScreen.storyboard */,
				AF093A472811134F001C5925 /* Info.plist */,
			);
			path = FlexiPassApp;
			sourceTree = "<group>";
		};
		BB8C6FDE4A3FAE4BF18FA089 /* Frameworks */ = {
			isa = PBXGroup;
			children = (
				08096BFB4712A95F06FF4E75 /* Pods_FlexiPassApp_SIT.framework */,
				694CBE4E0525CE1158725A62 /* Pods_FlexiPassApp.framework */,
			);
			name = Frameworks;
			sourceTree = "<group>";
		};
/* End PBXGroup section */

/* Begin PBXNativeTarget section */
		AF093A352811134E001C5925 /* FlexiPassApp */ = {
			isa = PBXNativeTarget;
			buildConfigurationList = AF093A4A2811134F001C5925 /* Build configuration list for PBXNativeTarget "FlexiPassApp" */;
			buildPhases = (
				62A4928ABB3D4B359969BC15 /* [CP] Check Pods Manifest.lock */,
				AF093A322811134E001C5925 /* Sources */,
				AF093A332811134E001C5925 /* Frameworks */,
				AF093A342811134E001C5925 /* Resources */,
				7940A2E265A2CF8AA00E3E2E /* [CP] Embed Pods Frameworks */,
				AF093A5128111862001C5925 /* Embed Frameworks */,
			);
			buildRules = (
			);
			dependencies = (
			);
			name = FlexiPassApp;
			productName = FlexiPassApp;
			productReference = AF093A362811134E001C5925 /* FlexiPassApp.app */;
			productType = "com.apple.product-type.application";
		};
		AF14100F28116D0E009DEEB0 /* FlexiPassApp-SIT */ = {
			isa = PBXNativeTarget;
			buildConfigurationList = AF14101F28116D0E009DEEB0 /* Build configuration list for PBXNativeTarget "FlexiPassApp-SIT" */;
			buildPhases = (
				AF14101028116D0E009DEEB0 /* [CP] Check Pods Manifest.lock */,
				AF14101128116D0E009DEEB0 /* Sources */,
				AF14101528116D0E009DEEB0 /* Frameworks */,
				AF14101828116D0E009DEEB0 /* Resources */,
				AF14101C28116D0E009DEEB0 /* [CP] Embed Pods Frameworks */,
				AF14101D28116D0E009DEEB0 /* Embed Frameworks */,
			);
			buildRules = (
			);
			dependencies = (
			);
			name = "FlexiPassApp-SIT";
			productName = FlexiPassApp;
			productReference = AF14102228116D0E009DEEB0 /* FlexiPassApp-SIT.app */;
			productType = "com.apple.product-type.application";
		};
/* End PBXNativeTarget section */

/* Begin PBXProject section */
		AF093A2E2811134E001C5925 /* Project object */ = {
			isa = PBXProject;
			attributes = {
				BuildIndependentTargetsInParallel = 1;
				LastSwiftUpdateCheck = 1330;
				LastUpgradeCheck = 1330;
				TargetAttributes = {
					AF093A352811134E001C5925 = {
						CreatedOnToolsVersion = 13.3;
					};
				};
			};
			buildConfigurationList = AF093A312811134E001C5925 /* Build configuration list for PBXProject "FlexiPassApp" */;
			compatibilityVersion = "Xcode 13.0";
			developmentRegion = en;
			hasScannedForEncodings = 0;
			knownRegions = (
				en,
				Base,
			);
			mainGroup = AF093A2D2811134E001C5925;
			productRefGroup = AF093A372811134E001C5925 /* Products */;
			projectDirPath = "";
			projectRoot = "";
			targets = (
				AF093A352811134E001C5925 /* FlexiPassApp */,
				AF14100F28116D0E009DEEB0 /* FlexiPassApp-SIT */,
			);
		};
/* End PBXProject section */

/* Begin PBXResourcesBuildPhase section */
		AF093A342811134E001C5925 /* Resources */ = {
			isa = PBXResourcesBuildPhase;
			buildActionMask = 2147483647;
			files = (
				AF093A462811134F001C5925 /* LaunchScreen.storyboard in Resources */,
				AF093A432811134F001C5925 /* Assets.xcassets in Resources */,
				AF093A412811134E001C5925 /* Main.storyboard in Resources */,
			);
			runOnlyForDeploymentPostprocessing = 0;
		};
		AF14101828116D0E009DEEB0 /* Resources */ = {
			isa = PBXResourcesBuildPhase;
			buildActionMask = 2147483647;
			files = (
				AF14101928116D0E009DEEB0 /* LaunchScreen.storyboard in Resources */,
				AF14101A28116D0E009DEEB0 /* Assets.xcassets in Resources */,
				AF14101B28116D0E009DEEB0 /* Main.storyboard in Resources */,
			);
			runOnlyForDeploymentPostprocessing = 0;
		};
/* End PBXResourcesBuildPhase section */

/* Begin PBXShellScriptBuildPhase section */
		62A4928ABB3D4B359969BC15 /* [CP] Check Pods Manifest.lock */ = {
			isa = PBXShellScriptBuildPhase;
			buildActionMask = 2147483647;
			files = (
			);
			inputFileListPaths = (
			);
			inputPaths = (
				"${PODS_PODFILE_DIR_PATH}/Podfile.lock",
				"${PODS_ROOT}/Manifest.lock",
			);
			name = "[CP] Check Pods Manifest.lock";
			outputFileListPaths = (
			);
			outputPaths = (
				"$(DERIVED_FILE_DIR)/Pods-FlexiPassApp-checkManifestLockResult.txt",
			);
			runOnlyForDeploymentPostprocessing = 0;
			shellPath = /bin/sh;
			shellScript = "diff \"${PODS_PODFILE_DIR_PATH}/Podfile.lock\" \"${PODS_ROOT}/Manifest.lock\" > /dev/null\nif [ $? != 0 ] ; then\n    # print error to STDERR\n    echo \"error: The sandbox is not in sync with the Podfile.lock. Run 'pod install' or update your CocoaPods installation.\" >&2\n    exit 1\nfi\n# This output is used by Xcode 'outputs' to avoid re-running this script phase.\necho \"SUCCESS\" > \"${SCRIPT_OUTPUT_FILE_0}\"\n";
			showEnvVarsInLog = 0;
		};
		7940A2E265A2CF8AA00E3E2E /* [CP] Embed Pods Frameworks */ = {
			isa = PBXShellScriptBuildPhase;
			buildActionMask = 2147483647;
			files = (
			);
			inputFileListPaths = (
				"${PODS_ROOT}/Target Support Files/Pods-FlexiPassApp/Pods-FlexiPassApp-frameworks-${CONFIGURATION}-input-files.xcfilelist",
			);
			name = "[CP] Embed Pods Frameworks";
			outputFileListPaths = (
				"${PODS_ROOT}/Target Support Files/Pods-FlexiPassApp/Pods-FlexiPassApp-frameworks-${CONFIGURATION}-output-files.xcfilelist",
			);
			runOnlyForDeploymentPostprocessing = 0;
			shellPath = /bin/sh;
			shellScript = "\"${PODS_ROOT}/Target Support Files/Pods-FlexiPassApp/Pods-FlexiPassApp-frameworks.sh\"\n";
			showEnvVarsInLog = 0;
		};
		AF14101028116D0E009DEEB0 /* [CP] Check Pods Manifest.lock */ = {
			isa = PBXShellScriptBuildPhase;
			buildActionMask = 2147483647;
			files = (
			);
			inputFileListPaths = (
			);
			inputPaths = (
				"${PODS_PODFILE_DIR_PATH}/Podfile.lock",
				"${PODS_ROOT}/Manifest.lock",
			);
			name = "[CP] Check Pods Manifest.lock";
			outputFileListPaths = (
			);
			outputPaths = (
				"$(DERIVED_FILE_DIR)/Pods-FlexiPassApp-SIT-checkManifestLockResult.txt",
			);
			runOnlyForDeploymentPostprocessing = 0;
			shellPath = /bin/sh;
			shellScript = "diff \"${PODS_PODFILE_DIR_PATH}/Podfile.lock\" \"${PODS_ROOT}/Manifest.lock\" > /dev/null\nif [ $? != 0 ] ; then\n    # print error to STDERR\n    echo \"error: The sandbox is not in sync with the Podfile.lock. Run 'pod install' or update your CocoaPods installation.\" >&2\n    exit 1\nfi\n# This output is used by Xcode 'outputs' to avoid re-running this script phase.\necho \"SUCCESS\" > \"${SCRIPT_OUTPUT_FILE_0}\"\n";
			showEnvVarsInLog = 0;
		};
		AF14101C28116D0E009DEEB0 /* [CP] Embed Pods Frameworks */ = {
			isa = PBXShellScriptBuildPhase;
			buildActionMask = 2147483647;
			files = (
			);
			inputFileListPaths = (
				"${PODS_ROOT}/Target Support Files/Pods-FlexiPassApp-SIT/Pods-FlexiPassApp-SIT-frameworks-${CONFIGURATION}-input-files.xcfilelist",
			);
			name = "[CP] Embed Pods Frameworks";
			outputFileListPaths = (
				"${PODS_ROOT}/Target Support Files/Pods-FlexiPassApp-SIT/Pods-FlexiPassApp-SIT-frameworks-${CONFIGURATION}-output-files.xcfilelist",
			);
			runOnlyForDeploymentPostprocessing = 0;
			shellPath = /bin/sh;
			shellScript = "\"${PODS_ROOT}/Target Support Files/Pods-FlexiPassApp-SIT/Pods-FlexiPassApp-SIT-frameworks.sh\"\n";
			showEnvVarsInLog = 0;
		};
/* End PBXShellScriptBuildPhase section */

/* Begin PBXSourcesBuildPhase section */
		AF093A322811134E001C5925 /* Sources */ = {
			isa = PBXSourcesBuildPhase;
			buildActionMask = 2147483647;
			files = (
				AF093A3E2811134E001C5925 /* ViewController.swift in Sources */,
				AF093A3A2811134E001C5925 /* AppDelegate.swift in Sources */,
				AF093A3C2811134E001C5925 /* SceneDelegate.swift in Sources */,
			);
			runOnlyForDeploymentPostprocessing = 0;
		};
		AF14101128116D0E009DEEB0 /* Sources */ = {
			isa = PBXSourcesBuildPhase;
			buildActionMask = 2147483647;
			files = (
				AF14101228116D0E009DEEB0 /* ViewController.swift in Sources */,
				AF14101328116D0E009DEEB0 /* AppDelegate.swift in Sources */,
				AF14101428116D0E009DEEB0 /* SceneDelegate.swift in Sources */,
			);
			runOnlyForDeploymentPostprocessing = 0;
		};
/* End PBXSourcesBuildPhase section */

/* Begin PBXVariantGroup section */
		AF093A3F2811134E001C5925 /* Main.storyboard */ = {
			isa = PBXVariantGroup;
			children = (
				AF093A402811134E001C5925 /* Base */,
			);
			name = Main.storyboard;
			sourceTree = "<group>";
		};
		AF093A442811134F001C5925 /* LaunchScreen.storyboard */ = {
			isa = PBXVariantGroup;
			children = (
				AF093A452811134F001C5925 /* Base */,
			);
			name = LaunchScreen.storyboard;
			sourceTree = "<group>";
		};
/* End PBXVariantGroup section */

/* Begin XCBuildConfiguration section */
		AF093A482811134F001C5925 /* Debug */ = {
			isa = XCBuildConfiguration;
			buildSettings = {
				ALWAYS_SEARCH_USER_PATHS = NO;
				CLANG_ANALYZER_NONNULL = YES;
				CLANG_ANALYZER_NUMBER_OBJECT_CONVERSION = YES_AGGRESSIVE;
				CLANG_CXX_LANGUAGE_STANDARD = "gnu++17";
				CLANG_ENABLE_MODULES = YES;
				CLANG_ENABLE_OBJC_ARC = YES;
				CLANG_ENABLE_OBJC_WEAK = YES;
				CLANG_WARN_BLOCK_CAPTURE_AUTORELEASING = YES;
				CLANG_WARN_BOOL_CONVERSION = YES;
				CLANG_WARN_COMMA = YES;
				CLANG_WARN_CONSTANT_CONVERSION = YES;
				CLANG_WARN_DEPRECATED_OBJC_IMPLEMENTATIONS = YES;
				CLANG_WARN_DIRECT_OBJC_ISA_USAGE = YES_ERROR;
				CLANG_WARN_DOCUMENTATION_COMMENTS = YES;
				CLANG_WARN_EMPTY_BODY = YES;
				CLANG_WARN_ENUM_CONVERSION = YES;
				CLANG_WARN_INFINITE_RECURSION = YES;
				CLANG_WARN_INT_CONVERSION = YES;
				CLANG_WARN_NON_LITERAL_NULL_CONVERSION = YES;
				CLANG_WARN_OBJC_IMPLICIT_RETAIN_SELF = YES;
				CLANG_WARN_OBJC_LITERAL_CONVERSION = YES;
				CLANG_WARN_OBJC_ROOT_CLASS = YES_ERROR;
				CLANG_WARN_QUOTED_INCLUDE_IN_FRAMEWORK_HEADER = YES;
				CLANG_WARN_RANGE_LOOP_ANALYSIS = YES;
				CLANG_WARN_STRICT_PROTOTYPES = YES;
				CLANG_WARN_SUSPICIOUS_MOVE = YES;
				CLANG_WARN_UNGUARDED_AVAILABILITY = YES_AGGRESSIVE;
				CLANG_WARN_UNREACHABLE_CODE = YES;
				CLANG_WARN__DUPLICATE_METHOD_MATCH = YES;
				COPY_PHASE_STRIP = NO;
				DEBUG_INFORMATION_FORMAT = dwarf;
				ENABLE_STRICT_OBJC_MSGSEND = YES;
				ENABLE_TESTABILITY = YES;
				GCC_C_LANGUAGE_STANDARD = gnu11;
				GCC_DYNAMIC_NO_PIC = NO;
				GCC_NO_COMMON_BLOCKS = YES;
				GCC_OPTIMIZATION_LEVEL = 0;
				GCC_PREPROCESSOR_DEFINITIONS = (
					"DEBUG=1",
					"$(inherited)",
				);
				GCC_WARN_64_TO_32_BIT_CONVERSION = YES;
				GCC_WARN_ABOUT_RETURN_TYPE = YES_ERROR;
				GCC_WARN_UNDECLARED_SELECTOR = YES;
				GCC_WARN_UNINITIALIZED_AUTOS = YES_AGGRESSIVE;
				GCC_WARN_UNUSED_FUNCTION = YES;
				GCC_WARN_UNUSED_VARIABLE = YES;
				IPHONEOS_DEPLOYMENT_TARGET = 15.4;
				MTL_ENABLE_DEBUG_INFO = INCLUDE_SOURCE;
				MTL_FAST_MATH = YES;
				ONLY_ACTIVE_ARCH = YES;
				SDKROOT = iphoneos;
				SWIFT_ACTIVE_COMPILATION_CONDITIONS = DEBUG;
				SWIFT_OPTIMIZATION_LEVEL = "-Onone";
			};
			name = Debug;
		};
		AF093A492811134F001C5925 /* Release */ = {
			isa = XCBuildConfiguration;
			buildSettings = {
				ALWAYS_SEARCH_USER_PATHS = NO;
				CLANG_ANALYZER_NONNULL = YES;
				CLANG_ANALYZER_NUMBER_OBJECT_CONVERSION = YES_AGGRESSIVE;
				CLANG_CXX_LANGUAGE_STANDARD = "gnu++17";
				CLANG_ENABLE_MODULES = YES;
				CLANG_ENABLE_OBJC_ARC = YES;
				CLANG_ENABLE_OBJC_WEAK = YES;
				CLANG_WARN_BLOCK_CAPTURE_AUTORELEASING = YES;
				CLANG_WARN_BOOL_CONVERSION = YES;
				CLANG_WARN_COMMA = YES;
				CLANG_WARN_CONSTANT_CONVERSION = YES;
				CLANG_WARN_DEPRECATED_OBJC_IMPLEMENTATIONS = YES;
				CLANG_WARN_DIRECT_OBJC_ISA_USAGE = YES_ERROR;
				CLANG_WARN_DOCUMENTATION_COMMENTS = YES;
				CLANG_WARN_EMPTY_BODY = YES;
				CLANG_WARN_ENUM_CONVERSION = YES;
				CLANG_WARN_INFINITE_RECURSION = YES;
				CLANG_WARN_INT_CONVERSION = YES;
				CLANG_WARN_NON_LITERAL_NULL_CONVERSION = YES;
				CLANG_WARN_OBJC_IMPLICIT_RETAIN_SELF = YES;
				CLANG_WARN_OBJC_LITERAL_CONVERSION = YES;
				CLANG_WARN_OBJC_ROOT_CLASS = YES_ERROR;
				CLANG_WARN_QUOTED_INCLUDE_IN_FRAMEWORK_HEADER = YES;
				CLANG_WARN_RANGE_LOOP_ANALYSIS = YES;
				CLANG_WARN_STRICT_PROTOTYPES = YES;
				CLANG_WARN_SUSPICIOUS_MOVE = YES;
				CLANG_WARN_UNGUARDED_AVAILABILITY = YES_AGGRESSIVE;
				CLANG_WARN_UNREACHABLE_CODE = YES;
				CLANG_WARN__DUPLICATE_METHOD_MATCH = YES;
				COPY_PHASE_STRIP = NO;
				DEBUG_INFORMATION_FORMAT = "dwarf-with-dsym";
				ENABLE_NS_ASSERTIONS = NO;
				ENABLE_STRICT_OBJC_MSGSEND = YES;
				GCC_C_LANGUAGE_STANDARD = gnu11;
				GCC_NO_COMMON_BLOCKS = YES;
				GCC_WARN_64_TO_32_BIT_CONVERSION = YES;
				GCC_WARN_ABOUT_RETURN_TYPE = YES_ERROR;
				GCC_WARN_UNDECLARED_SELECTOR = YES;
				GCC_WARN_UNINITIALIZED_AUTOS = YES_AGGRESSIVE;
				GCC_WARN_UNUSED_FUNCTION = YES;
				GCC_WARN_UNUSED_VARIABLE = YES;
				IPHONEOS_DEPLOYMENT_TARGET = 15.4;
				MTL_ENABLE_DEBUG_INFO = NO;
				MTL_FAST_MATH = YES;
				SDKROOT = iphoneos;
				SWIFT_COMPILATION_MODE = wholemodule;
				SWIFT_OPTIMIZATION_LEVEL = "-O";
				VALIDATE_PRODUCT = YES;
			};
			name = Release;
		};
		AF093A4B2811134F001C5925 /* Debug */ = {
			isa = XCBuildConfiguration;
			baseConfigurationReference = 0AD682DD35068018C6FE33C4 /* Pods-FlexiPassApp.debug.xcconfig */;
			buildSettings = {
				ASSETCATALOG_COMPILER_APPICON_NAME = AppIcon;
				ASSETCATALOG_COMPILER_GLOBAL_ACCENT_COLOR_NAME = AccentColor;
				CODE_SIGN_IDENTITY = "iPhone Distribution";
				CODE_SIGN_STYLE = Manual;
				CURRENT_PROJECT_VERSION = 1;
				DEVELOPMENT_TEAM = PDYS8RZ74Y;
				ENABLE_BITCODE = NO;
				FRAMEWORK_SEARCH_PATHS = (
					"$(inherited)",
					"$(PROJECT_DIR)",
				);
				GENERATE_INFOPLIST_FILE = YES;
				INFOPLIST_FILE = FlexiPassApp/Info.plist;
				INFOPLIST_KEY_NSBluetoothAlwaysUsageDescription = "We need to use your bluetooth to open the door.";
				INFOPLIST_KEY_UIApplicationSupportsIndirectInputEvents = YES;
				INFOPLIST_KEY_UILaunchStoryboardName = LaunchScreen;
				INFOPLIST_KEY_UIMainStoryboardFile = Main;
				INFOPLIST_KEY_UISupportedInterfaceOrientations_iPad = "UIInterfaceOrientationPortrait UIInterfaceOrientationPortraitUpsideDown UIInterfaceOrientationLandscapeLeft UIInterfaceOrientationLandscapeRight";
				INFOPLIST_KEY_UISupportedInterfaceOrientations_iPhone = "UIInterfaceOrientationPortrait UIInterfaceOrientationLandscapeLeft UIInterfaceOrientationLandscapeRight";
				IPHONEOS_DEPLOYMENT_TARGET = 13.0;
				LD_RUNPATH_SEARCH_PATHS = (
					"$(inherited)",
					"@executable_path/Frameworks",
				);
				MARKETING_VERSION = 1.0;
				PRODUCT_BUNDLE_IDENTIFIER = com.sheilarcodigo.FlexiPassApp;
				PRODUCT_NAME = "$(TARGET_NAME)";
				PROVISIONING_PROFILE_SPECIFIER = FlexiPassApp_Dist;
				SWIFT_EMIT_LOC_STRINGS = YES;
				SWIFT_VERSION = 5.0;
				TARGETED_DEVICE_FAMILY = "1,2";
			};
			name = Debug;
		};
		AF093A4C2811134F001C5925 /* Release */ = {
			isa = XCBuildConfiguration;
			baseConfigurationReference = 7D27ECE97A30EB14AAF9AB21 /* Pods-FlexiPassApp.release.xcconfig */;
			buildSettings = {
				ASSETCATALOG_COMPILER_APPICON_NAME = AppIcon;
				ASSETCATALOG_COMPILER_GLOBAL_ACCENT_COLOR_NAME = AccentColor;
				CODE_SIGN_IDENTITY = "iPhone Distribution";
				CODE_SIGN_STYLE = Manual;
				CURRENT_PROJECT_VERSION = 1;
				DEVELOPMENT_TEAM = PDYS8RZ74Y;
				ENABLE_BITCODE = NO;
				FRAMEWORK_SEARCH_PATHS = (
					"$(inherited)",
					"$(PROJECT_DIR)",
				);
				GENERATE_INFOPLIST_FILE = YES;
				INFOPLIST_FILE = FlexiPassApp/Info.plist;
				INFOPLIST_KEY_NSBluetoothAlwaysUsageDescription = "We need to use your bluetooth to open the door.";
				INFOPLIST_KEY_UIApplicationSupportsIndirectInputEvents = YES;
				INFOPLIST_KEY_UILaunchStoryboardName = LaunchScreen;
				INFOPLIST_KEY_UIMainStoryboardFile = Main;
				INFOPLIST_KEY_UISupportedInterfaceOrientations_iPad = "UIInterfaceOrientationPortrait UIInterfaceOrientationPortraitUpsideDown UIInterfaceOrientationLandscapeLeft UIInterfaceOrientationLandscapeRight";
				INFOPLIST_KEY_UISupportedInterfaceOrientations_iPhone = "UIInterfaceOrientationPortrait UIInterfaceOrientationLandscapeLeft UIInterfaceOrientationLandscapeRight";
				IPHONEOS_DEPLOYMENT_TARGET = 13.0;
				LD_RUNPATH_SEARCH_PATHS = (
					"$(inherited)",
					"@executable_path/Frameworks",
				);
				MARKETING_VERSION = 1.0;
				PRODUCT_BUNDLE_IDENTIFIER = com.sheilarcodigo.FlexiPassApp;
				PRODUCT_NAME = "$(TARGET_NAME)";
				PROVISIONING_PROFILE_SPECIFIER = FlexiPassApp_Dist;
				SWIFT_EMIT_LOC_STRINGS = YES;
				SWIFT_VERSION = 5.0;
				TARGETED_DEVICE_FAMILY = "1,2";
			};
			name = Release;
		};
		AF14102028116D0E009DEEB0 /* Debug */ = {
			isa = XCBuildConfiguration;
			baseConfigurationReference = 5A0DD8865592BF4E8EBCDF6A /* Pods-FlexiPassApp-SIT.debug.xcconfig */;
			buildSettings = {
				ASSETCATALOG_COMPILER_APPICON_NAME = AppIcon;
				ASSETCATALOG_COMPILER_GLOBAL_ACCENT_COLOR_NAME = AccentColor;
				CODE_SIGN_IDENTITY = "iPhone Distribution";
				CODE_SIGN_STYLE = Manual;
				CURRENT_PROJECT_VERSION = 1;
				DEVELOPMENT_TEAM = PDYS8RZ74Y;
				ENABLE_BITCODE = NO;
				FRAMEWORK_SEARCH_PATHS = (
					"$(inherited)",
					"$(PROJECT_DIR)",
				);
				GENERATE_INFOPLIST_FILE = YES;
				INFOPLIST_FILE = "FlexiPassApp copy-Info.plist";
				INFOPLIST_KEY_NSBluetoothAlwaysUsageDescription = "We need to use your bluetooth to open the door.";
				INFOPLIST_KEY_UIApplicationSupportsIndirectInputEvents = YES;
				INFOPLIST_KEY_UILaunchStoryboardName = LaunchScreen;
				INFOPLIST_KEY_UIMainStoryboardFile = Main;
				INFOPLIST_KEY_UISupportedInterfaceOrientations_iPad = "UIInterfaceOrientationPortrait UIInterfaceOrientationPortraitUpsideDown UIInterfaceOrientationLandscapeLeft UIInterfaceOrientationLandscapeRight";
				INFOPLIST_KEY_UISupportedInterfaceOrientations_iPhone = "UIInterfaceOrientationPortrait UIInterfaceOrientationLandscapeLeft UIInterfaceOrientationLandscapeRight";
				IPHONEOS_DEPLOYMENT_TARGET = 13.0;
				LD_RUNPATH_SEARCH_PATHS = (
					"$(inherited)",
					"@executable_path/Frameworks",
				);
				MARKETING_VERSION = 1.0;
				PRODUCT_BUNDLE_IDENTIFIER = com.sheilarcodigo.FlexiPassApp;
				PRODUCT_NAME = "$(TARGET_NAME)";
				PROVISIONING_PROFILE_SPECIFIER = FlexiPassApp_Dist;
				SWIFT_EMIT_LOC_STRINGS = YES;
				SWIFT_VERSION = 5.0;
				TARGETED_DEVICE_FAMILY = "1,2";
			};
			name = Debug;
		};
		AF14102128116D0E009DEEB0 /* Release */ = {
			isa = XCBuildConfiguration;
			baseConfigurationReference = 133F9191D5678203F1FF88BE /* Pods-FlexiPassApp-SIT.release.xcconfig */;
			buildSettings = {
				ASSETCATALOG_COMPILER_APPICON_NAME = AppIcon;
				ASSETCATALOG_COMPILER_GLOBAL_ACCENT_COLOR_NAME = AccentColor;
				CODE_SIGN_IDENTITY = "iPhone Distribution";
				CODE_SIGN_STYLE = Manual;
				CURRENT_PROJECT_VERSION = 1;
				DEVELOPMENT_TEAM = PDYS8RZ74Y;
				ENABLE_BITCODE = NO;
				FRAMEWORK_SEARCH_PATHS = (
					"$(inherited)",
					"$(PROJECT_DIR)",
				);
				GENERATE_INFOPLIST_FILE = YES;
				INFOPLIST_FILE = "FlexiPassApp copy-Info.plist";
				INFOPLIST_KEY_NSBluetoothAlwaysUsageDescription = "We need to use your bluetooth to open the door.";
				INFOPLIST_KEY_UIApplicationSupportsIndirectInputEvents = YES;
				INFOPLIST_KEY_UILaunchStoryboardName = LaunchScreen;
				INFOPLIST_KEY_UIMainStoryboardFile = Main;
				INFOPLIST_KEY_UISupportedInterfaceOrientations_iPad = "UIInterfaceOrientationPortrait UIInterfaceOrientationPortraitUpsideDown UIInterfaceOrientationLandscapeLeft UIInterfaceOrientationLandscapeRight";
				INFOPLIST_KEY_UISupportedInterfaceOrientations_iPhone = "UIInterfaceOrientationPortrait UIInterfaceOrientationLandscapeLeft UIInterfaceOrientationLandscapeRight";
				IPHONEOS_DEPLOYMENT_TARGET = 13.0;
				LD_RUNPATH_SEARCH_PATHS = (
					"$(inherited)",
					"@executable_path/Frameworks",
				);
				MARKETING_VERSION = 1.0;
				PRODUCT_BUNDLE_IDENTIFIER = com.sheilarcodigo.FlexiPassApp;
				PRODUCT_NAME = "$(TARGET_NAME)";
				PROVISIONING_PROFILE_SPECIFIER = FlexiPassApp_Dist;
				SWIFT_EMIT_LOC_STRINGS = YES;
				SWIFT_VERSION = 5.0;
				TARGETED_DEVICE_FAMILY = "1,2";
			};
			name = Release;
		};
/* End XCBuildConfiguration section */

/* Begin XCConfigurationList section */
		AF093A312811134E001C5925 /* Build configuration list for PBXProject "FlexiPassApp" */ = {
			isa = XCConfigurationList;
			buildConfigurations = (
				AF093A482811134F001C5925 /* Debug */,
				AF093A492811134F001C5925 /* Release */,
			);
			defaultConfigurationIsVisible = 0;
			defaultConfigurationName = Release;
		};
		AF093A4A2811134F001C5925 /* Build configuration list for PBXNativeTarget "FlexiPassApp" */ = {
			isa = XCConfigurationList;
			buildConfigurations = (
				AF093A4B2811134F001C5925 /* Debug */,
				AF093A4C2811134F001C5925 /* Release */,
			);
			defaultConfigurationIsVisible = 0;
			defaultConfigurationName = Release;
		};
		AF14101F28116D0E009DEEB0 /* Build configuration list for PBXNativeTarget "FlexiPassApp-SIT" */ = {
			isa = XCConfigurationList;
			buildConfigurations = (
				AF14102028116D0E009DEEB0 /* Debug */,
				AF14102128116D0E009DEEB0 /* Release */,
			);
			defaultConfigurationIsVisible = 0;
			defaultConfigurationName = Release;
		};
/* End XCConfigurationList section */
	};
	rootObject = AF093A2E2811134E001C5925 /* Project object */;
}
